
Microsoft Visual Studio Solution File, Format Version 12.00
# Visual Studio Version 17
VisualStudioVersion = 17.8.34511.84
MinimumVisualStudioVersion = 10.0.40219.1
Project("{FAE04EC0-301F-11D3-BF4B-00C04F79EFBC}") = "MCTG", "MCTG\MCTG.csproj", "{78A3688B-86B7-4A64-A548-5CA318C6FD3E}"
EndProject
Project("{FAE04EC0-301F-11D3-BF4B-00C04F79EFBC}") = "MCTG_Frontend", "MCTG_Frontend\MCTG_Frontend.csproj", "{BBFF92A2-3F61-4133-B9BE-882256B95842}"
EndProject
Global
	GlobalSection(SolutionConfigurationPlatforms) = preSolution
		Debug|Any CPU = Debug|Any CPU
		Release|Any CPU = Release|Any CPU
	EndGlobalSection
	GlobalSection(ProjectConfigurationPlatforms) = postSolution
		{78A3688B-86B7-4A64-A548-5CA318C6FD3E}.Debug|Any CPU.ActiveCfg = Debug|Any CPU
		{78A3688B-86B7-4A64-A548-5CA318C6FD3E}.Debug|Any CPU.Build.0 = Debug|Any CPU
		{78A3688B-86B7-4A64-A548-5CA318C6FD3E}.Release|Any CPU.ActiveCfg = Release|Any CPU
		{78A3688B-86B7-4A64-A548-5CA318C6FD3E}.Release|Any CPU.Build.0 = Release|Any CPU
		{BBFF92A2-3F61-4133-B9BE-882256B95842}.Debug|Any CPU.ActiveCfg = Debug|Any CPU
		{BBFF92A2-3F61-4133-B9BE-882256B95842}.Debug|Any CPU.Build.0 = Debug|Any CPU
		{BBFF92A2-3F61-4133-B9BE-882256B95842}.Release|Any CPU.ActiveCfg = Release|Any CPU
		{BBFF92A2-3F61-4133-B9BE-882256B95842}.Release|Any CPU.Build.0 = Release|Any CPU
	EndGlobalSection
	GlobalSection(SolutionProperties) = preSolution
		HideSolutionNode = FALSE
	EndGlobalSection
	GlobalSection(ExtensibilityGlobals) = postSolution
		SolutionGuid = {F67A5F30-0772-4330-8D8B-B98BE86E4B7D}
	EndGlobalSection
EndGlobal
